{
  "name": "qi-monorepo",
  "version": "0.5.0",
  "lockfileVersion": 3,
  "requires": true,
  "packages": {
    "": {
      "name": "qi-monorepo",
      "version": "0.5.0",
      "license": "MIT",
      "workspaces": [
        "packages/*",
        "apps/*"
      ],
      "devDependencies": {
        "@types/node": "24.13.3",
        "typescript": "5.9.3"
      },
      "engines": {
        "node": ">=22.19.0"
      }
    },
    "apps/cli": {
      "name": "@civaapple/qi",
      "version": "0.5.0",
      "license": "MIT",
      "dependencies": {
        "@civaapple/qi-capability": "0.5.0",
        "@civaapple/qi-coordinator": "0.5.0",
        "@civaapple/qi-eval": "0.5.0",
        "@civaapple/qi-introspection": "0.5.0",
        "@civaapple/qi-kernel": "0.5.0",
        "@civaapple/qi-llm": "0.5.0",
        "@civaapple/qi-loop": "0.5.0",
        "@civaapple/qi-protocol": "0.5.0",
        "@civaapple/qi-session-store": "0.5.0",
        "@civaapple/qi-skills": "0.5.0",
        "@civaapple/qi-tools": "0.5.0",
        "@civaapple/qi-tui": "0.5.0",
        "@civaapple/qi-workspace": "0.5.0",
        "@earendil-works/pi-tui": "0.81.1",
        "@sinclair/typebox": "0.34.52",
        "smol-toml": "1.7.0"
      },
      "bin": {
        "qi": "dist/main.js"
      },
      "engines": {
        "node": ">=22.19.0"
      }
    },
    "apps/web": {
      "name": "@civaapple/qi-web",
      "version": "0.5.0",
      "license": "MIT",
      "dependencies": {
        "@civaapple/qi-kernel": "0.5.0",
        "@civaapple/qi-protocol": "0.5.0",
        "@civaapple/qi-session-store": "0.5.0",
        "@civaapple/qi-stream": "0.5.0"
      },
      "bin": {
        "qi-web": "dist/main.js"
      }
    },
    "node_modules/@civaapple/qi": {
      "resolved": "apps/cli",
      "link": true
    },
    "node_modules/@civaapple/qi-agent": {
      "resolved": "packages/agent",
      "link": true
    },
    "node_modules/@civaapple/qi-capability": {
      "resolved": "packages/capability",
      "link": true
    },
    "node_modules/@civaapple/qi-codeact": {
      "resolved": "packages/codeact",
      "link": true
    },
    "node_modules/@civaapple/qi-context": {
      "resolved": "packages/context",
      "link": true
    },
    "node_modules/@civaapple/qi-coordinator": {
      "resolved": "packages/coordinator",
      "link": true
    },
    "node_modules/@civaapple/qi-eval": {
      "resolved": "packages/eval",
      "link": true
    },
    "node_modules/@civaapple/qi-graph": {
      "resolved": "packages/graph",
      "link": true
    },
    "node_modules/@civaapple/qi-introspection": {
      "resolved": "packages/introspection",
      "link": true
    },
    "node_modules/@civaapple/qi-kernel": {
      "resolved": "packages/kernel",
      "link": true
    },
    "node_modules/@civaapple/qi-llm": {
      "resolved": "packages/llm",
      "link": true
    },
    "node_modules/@civaapple/qi-loop": {
      "resolved": "packages/loop",
      "link": true
    },
    "node_modules/@civaapple/qi-mcp": {
      "resolved": "packages/mcp",
      "link": true
    },
    "node_modules/@civaapple/qi-memory": {
      "resolved": "packages/memory",
      "link": true
    },
    "node_modules/@civaapple/qi-protocol": {
      "resolved": "packages/protocol",
      "link": true
    },
    "node_modules/@civaapple/qi-scheduler": {
      "resolved": "packages/scheduler",
      "link": true
    },
    "node_modules/@civaapple/qi-session-store": {
      "resolved": "packages/session-store",
      "link": true
    },
    "node_modules/@civaapple/qi-skills": {
      "resolved": "packages/skills",
      "link": true
    },
    "node_modules/@civaapple/qi-stream": {
      "resolved": "packages/stream",
      "link": true
    },
    "node_modules/@civaapple/qi-tools": {
      "resolved": "packages/tools",
      "link": true
    },
    "node_modules/@civaapple/qi-tui": {
      "resolved": "packages/tui",
      "link": true
    },
    "node_modules/@civaapple/qi-web": {
      "resolved": "apps/web",
      "link": true
    },
    "node_modules/@civaapple/qi-workspace": {
      "resolved": "packages/workspace",
      "link": true
    },
    "node_modules/@earendil-works/pi-tui": {
      "version": "0.81.1",
      "resolved": "https://registry.npmjs.org/@earendil-works/pi-tui/-/pi-tui-0.81.1.tgz",
      "integrity": "sha512-OMEe+Zt8oQYi/rCq3upxsTlIScWL0FPhXwQus34TbQb3EmTx88S7Uzx32JxvQiEeWOw8eDCdJf2PBUBE9r6wIg==",
      "license": "MIT",
      "dependencies": {
        "get-east-asian-width": "1.6.0",
        "marked": "18.0.5"
      },
      "engines": {
        "node": ">=22.19.0"
      }
    },
    "node_modules/@sinclair/typebox": {
      "version": "0.34.52",
      "resolved": "https://registry.npmjs.org/@sinclair/typebox/-/typebox-0.34.52.tgz",
      "integrity": "sha512-XiMQh7qqVlxZzcVD+kkGMNGMzcTrDMLWI7S4x7z1MkCkbDPrekpZXEUK0eZqZFMuHQg2a2DZOcDIh9o5v3Gonw==",
      "license": "MIT"
    },
    "node_modules/@types/node": {
      "version": "24.13.3",
      "resolved": "https://registry.npmjs.org/@types/node/-/node-24.13.3.tgz",
      "integrity": "sha512-Dh8vAsV36ig5wa9OX4pXvMc9D3Veibfw2wix0CUwYODLD8nkj9UsLjASr49nPg+2eKzxhBV+v7L8pXvT4e639Q==",
      "dev": true,
      "license": "MIT",
      "dependencies": {
        "undici-types": "~7.18.0"
      }
    },
    "node_modules/diff": {
      "version": "9.0.0",
      "resolved": "https://registry.npmjs.org/diff/-/diff-9.0.0.tgz",
      "integrity": "sha512-svtcdpS8CgJyqAjEQIXdb3OjhFVVYjzGAPO8WGCmRbrml64SPw/jJD4GoE98aR7r25A0XcgrK3F02yw9R/vhQw==",
      "license": "BSD-3-Clause",
      "engines": {
        "node": ">=0.3.1"
      }
    },
    "node_modules/get-east-asian-width": {
      "version": "1.6.0",
      "resolved": "https://registry.npmjs.org/get-east-asian-width/-/get-east-asian-width-1.6.0.tgz",
      "integrity": "sha512-QRbvDIbx6YklUe6RxeTeleMR0yv3cYH6PsPZHcnVn7xv7zO1BHN8r0XETu8n6Ye3Q+ahtSarc3WgtNWmehIBfA==",
      "license": "MIT",
      "engines": {
        "node": ">=18"
      },
      "funding": {
        "url": "https://github.com/sponsors/sindresorhus"
      }
    },
    "node_modules/marked": {
      "version": "18.0.5",
      "resolved": "https://registry.npmjs.org/marked/-/marked-18.0.5.tgz",
      "integrity": "sha512-S6GcvALHg6K4ohtu4E7x0a1AqhAjp6cV8KhLSyN9qVapnzJkusVBxZRcIU9AeYsbe6P1hKDusSbEOzGyyuce6w==",
      "license": "MIT",
      "bin": {
        "marked": "bin/marked.js"
      },
      "engines": {
        "node": ">= 20"
      }
    },
    "node_modules/openai": {
      "version": "6.48.0",
      "resolved": "https://registry.npmjs.org/openai/-/openai-6.48.0.tgz",
      "integrity": "sha512-KhVp+FyV50QrXNextvL9hIU5l6ox5HYuKQjGVk7lIqprgJol90+dQXWONV6S1lRWsKA1bXjrow8RsUT14M1hNA==",
      "license": "Apache-2.0",
      "peerDependencies": {
        "@aws-sdk/credential-provider-node": ">=3.972.0 <4",
        "@smithy/hash-node": ">=4.3.0 <5",
        "@smithy/signature-v4": ">=5.4.0 <6",
        "ws": "^8.18.0",
        "zod": "^3.25 || ^4.0"
      },
      "peerDependenciesMeta": {
        "@aws-sdk/credential-provider-node": {
          "optional": true
        },
        "@smithy/hash-node": {
          "optional": true
        },
        "@smithy/signature-v4": {
          "optional": true
        },
        "ws": {
          "optional": true
        },
        "zod": {
          "optional": true
        }
      }
    },
    "node_modules/smol-toml": {
      "version": "1.7.0",
      "resolved": "https://registry.npmjs.org/smol-toml/-/smol-toml-1.7.0.tgz",
      "integrity": "sha512-aqVvWoyO21L23mb+drl4RmMXbf6N7FdHjAhTRA9ZBL7apWBgfWC16KjrASI+1p9GAroljyMHj6fK67i0UiTNvQ==",
      "license": "BSD-3-Clause",
      "engines": {
        "node": ">= 18"
      },
      "funding": {
        "url": "https://github.com/sponsors/cyyynthia"
      }
    },
    "node_modules/typescript": {
      "version": "5.9.3",
      "resolved": "https://registry.npmjs.org/typescript/-/typescript-5.9.3.tgz",
      "integrity": "sha512-jl1vZzPDinLr9eUt3J/t7V6FgNEw9QjvBPdysz9KfQDD41fQrC2Y4vKQdiaUpFT4bXlb1RHhLpp8wtm6M5TgSw==",
      "dev": true,
      "license": "Apache-2.0",
      "bin": {
        "tsc": "bin/tsc",
        "tsserver": "bin/tsserver"
      },
      "engines": {
        "node": ">=14.17"
      }
    },
    "node_modules/undici-types": {
      "version": "7.18.2",
      "resolved": "https://registry.npmjs.org/undici-types/-/undici-types-7.18.2.tgz",
      "integrity": "sha512-AsuCzffGHJybSaRrmr5eHr81mwJU3kjw6M+uprWvCXiNeN9SOGwQ3Jn8jb8m3Z6izVgknn1R0FTCEAP2QrLY/w==",
      "dev": true,
      "license": "MIT"
    },
    "node_modules/yaml": {
      "version": "2.9.0",
      "resolved": "https://registry.npmjs.org/yaml/-/yaml-2.9.0.tgz",
      "integrity": "sha512-2AvhNX3mb8zd6Zy7INTtSpl1F15HW6Wnqj0srWlkKLcpYl/gMIMJiyuGq2KeI2YFxUPjdlB+3Lc10seMLtL4cA==",
      "license": "ISC",
      "bin": {
        "yaml": "bin.mjs"
      },
      "engines": {
        "node": ">= 14.6"
      },
      "funding": {
        "url": "https://github.com/sponsors/eemeli"
      }
    },
    "packages/agent": {
      "name": "@civaapple/qi-agent",
      "version": "0.5.0",
      "license": "MIT",
      "dependencies": {
        "@civaapple/qi-capability": "0.5.0",
        "@civaapple/qi-context": "0.5.0",
        "@civaapple/qi-kernel": "0.5.0",
        "@civaapple/qi-llm": "0.5.0",
        "@civaapple/qi-loop": "0.5.0",
        "@civaapple/qi-protocol": "0.5.0",
        "@civaapple/qi-tools": "0.5.0",
        "@civaapple/qi-workspace": "0.5.0",
        "@sinclair/typebox": "0.34.52"
      },
      "engines": {
        "node": ">=22.19.0"
      }
    },
    "packages/capability": {
      "name": "@civaapple/qi-capability",
      "version": "0.5.0",
      "license": "MIT",
      "engines": {
        "node": ">=22.19.0"
      }
    },
    "packages/codeact": {
      "name": "@civaapple/qi-codeact",
      "version": "0.5.0",
      "license": "MIT",
      "dependencies": {
        "@civaapple/qi-kernel": "0.5.0",
        "@civaapple/qi-loop": "0.5.0",
        "@civaapple/qi-protocol": "0.5.0",
        "@civaapple/qi-tools": "0.5.0",
        "@civaapple/qi-workspace": "0.5.0"
      },
      "engines": {
        "node": ">=22.19.0"
      }
    },
    "packages/context": {
      "name": "@civaapple/qi-context",
      "version": "0.5.0",
      "license": "MIT",
      "dependencies": {
        "@civaapple/qi-llm": "0.5.0"
      },
      "engines": {
        "node": ">=22.19.0"
      }
    },
    "packages/coordinator": {
      "name": "@civaapple/qi-coordinator",
      "version": "0.5.0",
      "license": "MIT",
      "dependencies": {
        "@civaapple/qi-capability": "0.5.0",
        "@civaapple/qi-context": "0.5.0",
        "@civaapple/qi-kernel": "0.5.0",
        "@civaapple/qi-llm": "0.5.0",
        "@civaapple/qi-loop": "0.5.0",
        "@civaapple/qi-protocol": "0.5.0",
        "@civaapple/qi-tools": "0.5.0",
        "@sinclair/typebox": "0.34.52"
      },
      "engines": {
        "node": ">=22.19.0"
      }
    },
    "packages/eval": {
      "name": "@civaapple/qi-eval",
      "version": "0.5.0",
      "license": "MIT",
      "dependencies": {
        "@civaapple/qi-kernel": "0.5.0",
        "@civaapple/qi-protocol": "0.5.0"
      },
      "engines": {
        "node": ">=22.19.0"
      }
    },
    "packages/graph": {
      "name": "@civaapple/qi-graph",
      "version": "0.5.0",
      "license": "MIT",
      "dependencies": {
        "@civaapple/qi-capability": "0.5.0",
        "@civaapple/qi-loop": "0.5.0",
        "@civaapple/qi-protocol": "0.5.0",
        "@civaapple/qi-tools": "0.5.0"
      },
      "engines": {
        "node": ">=22.19.0"
      }
    },
    "packages/introspection": {
      "name": "@civaapple/qi-introspection",
      "version": "0.5.0",
      "license": "MIT",
      "dependencies": {
        "@civaapple/qi-context": "0.5.0",
        "@civaapple/qi-tools": "0.5.0",
        "@sinclair/typebox": "0.34.52"
      },
      "engines": {
        "node": ">=22.19.0"
      }
    },
    "packages/kernel": {
      "name": "@civaapple/qi-kernel",
      "version": "0.5.0",
      "license": "MIT",
      "dependencies": {
        "@civaapple/qi-protocol": "0.5.0"
      },
      "engines": {
        "node": ">=22.19.0"
      }
    },
    "packages/llm": {
      "name": "@civaapple/qi-llm",
      "version": "0.5.0",
      "license": "MIT",
      "dependencies": {
        "@sinclair/typebox": "0.34.52",
        "openai": "^6.48.0"
      },
      "engines": {
        "node": ">=22.19.0"
      }
    },
    "packages/loop": {
      "name": "@civaapple/qi-loop",
      "version": "0.5.0",
      "license": "MIT",
      "dependencies": {
        "@civaapple/qi-capability": "0.5.0",
        "@civaapple/qi-context": "0.5.0",
        "@civaapple/qi-kernel": "0.5.0",
        "@civaapple/qi-llm": "0.5.0",
        "@civaapple/qi-protocol": "0.5.0",
        "@civaapple/qi-tools": "0.5.0",
        "@civaapple/qi-workspace": "0.5.0"
      },
      "engines": {
        "node": ">=22.19.0"
      }
    },
    "packages/mcp": {
      "name": "@civaapple/qi-mcp",
      "version": "0.5.0",
      "license": "MIT",
      "dependencies": {
        "@civaapple/qi-capability": "0.5.0",
        "@civaapple/qi-tools": "0.5.0",
        "@sinclair/typebox": "0.34.52"
      },
      "engines": {
        "node": ">=22.19.0"
      }
    },
    "packages/memory": {
      "name": "@civaapple/qi-memory",
      "version": "0.5.0",
      "license": "MIT",
      "dependencies": {
        "@civaapple/qi-context": "0.5.0",
        "@civaapple/qi-kernel": "0.5.0",
        "@civaapple/qi-protocol": "0.5.0"
      },
      "engines": {
        "node": ">=22.19.0"
      }
    },
    "packages/protocol": {
      "name": "@civaapple/qi-protocol",
      "version": "0.5.0",
      "license": "MIT",
      "dependencies": {
        "@sinclair/typebox": "0.34.52"
      },
      "engines": {
        "node": ">=22.19.0"
      }
    },
    "packages/scheduler": {
      "name": "@civaapple/qi-scheduler",
      "version": "0.5.0",
      "license": "MIT",
      "dependencies": {
        "@civaapple/qi-kernel": "0.5.0",
        "@civaapple/qi-loop": "0.5.0",
        "@civaapple/qi-protocol": "0.5.0"
      },
      "engines": {
        "node": ">=22.19.0"
      }
    },
    "packages/session-store": {
      "name": "@civaapple/qi-session-store",
      "version": "0.5.0",
      "license": "MIT",
      "dependencies": {
        "@civaapple/qi-kernel": "0.5.0",
        "@civaapple/qi-protocol": "0.5.0"
      },
      "engines": {
        "node": ">=22.19.0"
      }
    },
    "packages/skills": {
      "name": "@civaapple/qi-skills",
      "version": "0.5.0",
      "license": "MIT",
      "dependencies": {
        "yaml": "2.9.0"
      },
      "engines": {
        "node": ">=22.19.0"
      }
    },
    "packages/stream": {
      "name": "@civaapple/qi-stream",
      "version": "0.5.0",
      "license": "MIT",
      "dependencies": {
        "@civaapple/qi-kernel": "0.5.0",
        "@civaapple/qi-protocol": "0.5.0"
      },
      "engines": {
        "node": ">=22.19.0"
      }
    },
    "packages/tools": {
      "name": "@civaapple/qi-tools",
      "version": "0.5.0",
      "license": "MIT",
      "dependencies": {
        "@civaapple/qi-capability": "0.5.0",
        "@civaapple/qi-llm": "0.5.0",
        "@civaapple/qi-workspace": "0.5.0",
        "@sinclair/typebox": "0.34.52",
        "diff": "9.0.0"
      },
      "engines": {
        "node": ">=22.19.0"
      }
    },
    "packages/tui": {
      "name": "@civaapple/qi-tui",
      "version": "0.5.0",
      "license": "MIT",
      "dependencies": {
        "@civaapple/qi-kernel": "0.5.0",
        "@civaapple/qi-loop": "0.5.0",
        "@civaapple/qi-protocol": "0.5.0",
        "@civaapple/qi-tools": "0.5.0",
        "@earendil-works/pi-tui": "0.81.1"
      },
      "engines": {
        "node": ">=22.19.0"
      }
    },
    "packages/workspace": {
      "name": "@civaapple/qi-workspace",
      "version": "0.5.0",
      "license": "MIT",
      "engines": {
        "node": ">=22.19.0"
      }
    }
  }
}
